
Microsoft Visual Studio Solution File, Format Version 12.00
# Visual Studio 15
Project("{FAE04EC0-301F-11D3-BF4B-00C04F79EFBC}") = "Assembly-CSharp", "Assembly-CSharp.csproj", "{CC887B8C-B2D8-94B8-839A-C256E0F653D7}"
EndProject
Project("{FAE04EC0-301F-11D3-BF4B-00C04F79EFBC}") = "Assembly-CSharp-Editor-firstpass", "Assembly-CSharp-Editor-firstpass.csproj", "{467B45B2-2C33-0C3C-DACD-D722BC575B4F}"
EndProject
Global
	GlobalSection(SolutionConfigurationPlatforms) = preSolution
		Debug|Any CPU = Debug|Any CPU
		Release|Any CPU = Release|Any CPU
	EndGlobalSection
	GlobalSection(ProjectConfigurationPlatforms) = postSolution
		{CC887B8C-B2D8-94B8-839A-C256E0F653D7}.Debug|Any CPU.ActiveCfg = Debug|Any CPU
		{CC887B8C-B2D8-94B8-839A-C256E0F653D7}.Debug|Any CPU.Build.0 = Debug|Any CPU
		{CC887B8C-B2D8-94B8-839A-C256E0F653D7}.Release|Any CPU.ActiveCfg = Release|Any CPU
		{CC887B8C-B2D8-94B8-839A-C256E0F653D7}.Release|Any CPU.Build.0 = Release|Any CPU
		{467B45B2-2C33-0C3C-DACD-D722BC575B4F}.Debug|Any CPU.ActiveCfg = Debug|Any CPU
		{467B45B2-2C33-0C3C-DACD-D722BC575B4F}.Debug|Any CPU.Build.0 = Debug|Any CPU
		{467B45B2-2C33-0C3C-DACD-D722BC575B4F}.Release|Any CPU.ActiveCfg = Release|Any CPU
		{467B45B2-2C33-0C3C-DACD-D722BC575B4F}.Release|Any CPU.Build.0 = Release|Any CPU
	EndGlobalSection
	GlobalSection(SolutionProperties) = preSolution
		HideSolutionNode = FALSE
	EndGlobalSection
EndGlobal
