
Microsoft Visual Studio Solution File, Format Version 12.00
# Visual Studio 15
Project("{FAE04EC0-301F-11D3-BF4B-00C04F79EFBC}") = "Assembly-CSharp", "Assembly-CSharp.csproj", "{AF98B891-23D9-5D24-9E8D-08BB7C656187}"
EndProject
Project("{FAE04EC0-301F-11D3-BF4B-00C04F79EFBC}") = "Assembly-CSharp-Editor-firstpass", "Assembly-CSharp-Editor-firstpass.csproj", "{5562F738-6016-34A6-AB91-EBABA91A0097}"
EndProject
Global
	GlobalSection(SolutionConfigurationPlatforms) = preSolution
		Debug|Any CPU = Debug|Any CPU
		Release|Any CPU = Release|Any CPU
	EndGlobalSection
	GlobalSection(ProjectConfigurationPlatforms) = postSolution
		{AF98B891-23D9-5D24-9E8D-08BB7C656187}.Debug|Any CPU.ActiveCfg = Debug|Any CPU
		{AF98B891-23D9-5D24-9E8D-08BB7C656187}.Debug|Any CPU.Build.0 = Debug|Any CPU
		{AF98B891-23D9-5D24-9E8D-08BB7C656187}.Release|Any CPU.ActiveCfg = Release|Any CPU
		{AF98B891-23D9-5D24-9E8D-08BB7C656187}.Release|Any CPU.Build.0 = Release|Any CPU
		{5562F738-6016-34A6-AB91-EBABA91A0097}.Debug|Any CPU.ActiveCfg = Debug|Any CPU
		{5562F738-6016-34A6-AB91-EBABA91A0097}.Debug|Any CPU.Build.0 = Debug|Any CPU
		{5562F738-6016-34A6-AB91-EBABA91A0097}.Release|Any CPU.ActiveCfg = Release|Any CPU
		{5562F738-6016-34A6-AB91-EBABA91A0097}.Release|Any CPU.Build.0 = Release|Any CPU
	EndGlobalSection
	GlobalSection(SolutionProperties) = preSolution
		HideSolutionNode = FALSE
	EndGlobalSection
EndGlobal
