
Microsoft Visual Studio Solution File, Format Version 12.00
# Visual Studio 15
Project("{FAE04EC0-301F-11D3-BF4B-00C04F79EFBC}") = "Assembly-CSharp", "Assembly-CSharp.csproj", "{32605825-1223-9208-C8C8-AF1523B3B17C}"
EndProject
Project("{FAE04EC0-301F-11D3-BF4B-00C04F79EFBC}") = "Assembly-CSharp-Editor-firstpass", "Assembly-CSharp-Editor-firstpass.csproj", "{D1AC3897-2793-B5AF-5B69-4A3645A70329}"
EndProject
Global
	GlobalSection(SolutionConfigurationPlatforms) = preSolution
		Debug|Any CPU = Debug|Any CPU
		Release|Any CPU = Release|Any CPU
	EndGlobalSection
	GlobalSection(ProjectConfigurationPlatforms) = postSolution
		{32605825-1223-9208-C8C8-AF1523B3B17C}.Debug|Any CPU.ActiveCfg = Debug|Any CPU
		{32605825-1223-9208-C8C8-AF1523B3B17C}.Debug|Any CPU.Build.0 = Debug|Any CPU
		{32605825-1223-9208-C8C8-AF1523B3B17C}.Release|Any CPU.ActiveCfg = Release|Any CPU
		{32605825-1223-9208-C8C8-AF1523B3B17C}.Release|Any CPU.Build.0 = Release|Any CPU
		{D1AC3897-2793-B5AF-5B69-4A3645A70329}.Debug|Any CPU.ActiveCfg = Debug|Any CPU
		{D1AC3897-2793-B5AF-5B69-4A3645A70329}.Debug|Any CPU.Build.0 = Debug|Any CPU
		{D1AC3897-2793-B5AF-5B69-4A3645A70329}.Release|Any CPU.ActiveCfg = Release|Any CPU
		{D1AC3897-2793-B5AF-5B69-4A3645A70329}.Release|Any CPU.Build.0 = Release|Any CPU
	EndGlobalSection
	GlobalSection(SolutionProperties) = preSolution
		HideSolutionNode = FALSE
	EndGlobalSection
EndGlobal
